{
    "_meta": {
        "hash": {
            "sha256": "748552adc33da500cc54ded6be72780e7848bb7c01e39680df34a7c1aa3a3909"
        },
        "pipfile-spec": 6,
        "requires": {
            "python_version": "3.9"
        },
        "sources": [
            {
                "name": "pypi",
                "url": "https://pypi.org/simple",
                "verify_ssl": true
            }
        ]
    },
    "default": {
        "colorcorrect": {
            "hashes": [
                "sha256:a12bdd9dd71d2c0c29db5fc1a4b6452ffa53a82b22735985924218cb71674bb6"
            ],
            "index": "pypi",
            "version": "==0.9.1"
        },
        "cycler": {
            "hashes": [
                "sha256:3a27e95f763a428a739d2add979fa7494c912a32c17c4c38c4d5f082cad165a3",
                "sha256:9c87405839a19696e837b3b818fed3f5f69f16f1eec1a1ad77e043dcea9c772f"
            ],
            "markers": "python_version >= '3.6'",
            "version": "==0.11.0"
        },
        "fonttools": {
            "hashes": [
                "sha256:545c05d0f7903a863c2020e07b8f0a57517f2c40d940bded77076397872d14ca",
                "sha256:edf251d5d2cc0580d5f72de4621c338d8c66c5f61abb50cf486640f73c8194d5"
            ],
            "markers": "python_version >= '3.7'",
            "version": "==4.28.5"
        },
        "imageio": {
            "hashes": [
                "sha256:a3a18d5d01732557247fba5658d7f75425e97ce49c8fe2cd81bd348f5c71ffb2",
                "sha256:c7ec2be58e401b6eaa838f8eaf8368ed54b2de4a1b001fe6551644f1a30a843d"
            ],
            "markers": "python_version >= '3.5'",
            "version": "==2.13.5"
        },
        "kiwisolver": {
            "hashes": [
                "sha256:0007840186bacfaa0aba4466d5890334ea5938e0bb7e28078a0eb0e63b5b59d5",
                "sha256:19554bd8d54cf41139f376753af1a644b63c9ca93f8f72009d50a2080f870f77",
                "sha256:1d45d1c74f88b9f41062716c727f78f2a59a5476ecbe74956fafb423c5c87a76",
                "sha256:1d819553730d3c2724582124aee8a03c846ec4362ded1034c16fb3ef309264e6",
                "sha256:2210f28778c7d2ee13f3c2a20a3a22db889e75f4ec13a21072eabb5693801e84",
                "sha256:22521219ca739654a296eea6d4367703558fba16f98688bd8ce65abff36eaa84",
                "sha256:25405f88a37c5f5bcba01c6e350086d65e7465fd1caaf986333d2a045045a223",
                "sha256:2b65bd35f3e06a47b5c30ea99e0c2b88f72c6476eedaf8cfbc8e66adb5479dcf",
                "sha256:2ddb500a2808c100e72c075cbb00bf32e62763c82b6a882d403f01a119e3f402",
                "sha256:2f8f6c8f4f1cff93ca5058d6ec5f0efda922ecb3f4c5fb76181f327decff98b8",
                "sha256:30fa008c172355c7768159983a7270cb23838c4d7db73d6c0f6b60dde0d432c6",
                "sha256:3dbb3cea20b4af4f49f84cffaf45dd5f88e8594d18568e0225e6ad9dec0e7967",
                "sha256:4116ba9a58109ed5e4cb315bdcbff9838f3159d099ba5259c7c7fb77f8537492",
                "sha256:44e6adf67577dbdfa2d9f06db9fbc5639afefdb5bf2b4dfec25c3a7fbc619536",
                "sha256:5326ddfacbe51abf9469fe668944bc2e399181a2158cb5d45e1d40856b2a0589",
                "sha256:70adc3658138bc77a36ce769f5f183169bc0a2906a4f61f09673f7181255ac9b",
                "sha256:72be6ebb4e92520b9726d7146bc9c9b277513a57a38efcf66db0620aec0097e0",
                "sha256:7843b1624d6ccca403a610d1277f7c28ad184c5aa88a1750c1a999754e65b439",
                "sha256:7ba5a1041480c6e0a8b11a9544d53562abc2d19220bfa14133e0cdd9967e97af",
                "sha256:80efd202108c3a4150e042b269f7c78643420cc232a0a771743bb96b742f838f",
                "sha256:82f49c5a79d3839bc8f38cb5f4bfc87e15f04cbafa5fbd12fb32c941cb529cfb",
                "sha256:83d2c9db5dfc537d0171e32de160461230eb14663299b7e6d18ca6dca21e4977",
                "sha256:8d93a1095f83e908fc253f2fb569c2711414c0bfd451cab580466465b235b470",
                "sha256:8dc3d842fa41a33fe83d9f5c66c0cc1f28756530cd89944b63b072281e852031",
                "sha256:9661a04ca3c950a8ac8c47f53cbc0b530bce1b52f516a1e87b7736fec24bfff0",
                "sha256:a498bcd005e8a3fedd0022bb30ee0ad92728154a8798b703f394484452550507",
                "sha256:a7a4cf5bbdc861987a7745aed7a536c6405256853c94abc9f3287c3fa401b174",
                "sha256:b5074fb09429f2b7bc82b6fb4be8645dcbac14e592128beeff5461dcde0af09f",
                "sha256:b6a5431940f28b6de123de42f0eb47b84a073ee3c3345dc109ad550a3307dd28",
                "sha256:ba677bcaff9429fd1bf01648ad0901cea56c0d068df383d5f5856d88221fe75b",
                "sha256:bcadb05c3d4794eb9eee1dddf1c24215c92fb7b55a80beae7a60530a91060560",
                "sha256:bf7eb45d14fc036514c09554bf983f2a72323254912ed0c3c8e697b62c4c158f",
                "sha256:c358721aebd40c243894298f685a19eb0491a5c3e0b923b9f887ef1193ddf829",
                "sha256:c4550a359c5157aaf8507e6820d98682872b9100ce7607f8aa070b4b8af6c298",
                "sha256:c6572c2dab23c86a14e82c245473d45b4c515314f1f859e92608dcafbd2f19b8",
                "sha256:cba430db673c29376135e695c6e2501c44c256a81495da849e85d1793ee975ad",
                "sha256:dedc71c8eb9c5096037766390172c34fb86ef048b8e8958b4e484b9e505d66bc",
                "sha256:e6f5eb2f53fac7d408a45fbcdeda7224b1cfff64919d0f95473420a931347ae9",
                "sha256:ec2eba188c1906b05b9b49ae55aae4efd8150c61ba450e6721f64620c50b59eb",
                "sha256:ee040a7de8d295dbd261ef2d6d3192f13e2b08ec4a954de34a6fb8ff6422e24c",
                "sha256:eedd3b59190885d1ebdf6c5e0ca56828beb1949b4dfe6e5d0256a461429ac386",
                "sha256:f441422bb313ab25de7b3dbfd388e790eceb76ce01a18199ec4944b369017009",
                "sha256:f8eb7b6716f5b50e9c06207a14172cf2de201e41912ebe732846c02c830455b9",
                "sha256:fc4453705b81d03568d5b808ad8f09c77c47534f6ac2e72e733f9ca4714aa75c"
            ],
            "markers": "python_version >= '3.7'",
            "version": "==1.3.2"
        },
        "matplotlib": {
            "hashes": [
                "sha256:14334b9902ec776461c4b8c6516e26b450f7ebe0b3ef8703bf5cdfbbaecf774a",
                "sha256:2252bfac85cec7af4a67e494bfccf9080bcba8a0299701eab075f48847cca907",
                "sha256:2e3484d8455af3fdb0424eae1789af61f6a79da0c80079125112fd5c1b604218",
                "sha256:34a1fc29f8f96e78ec57a5eff5e8d8b53d3298c3be6df61e7aa9efba26929522",
                "sha256:3e66497cd990b1a130e21919b004da2f1dc112132c01ac78011a90a0f9229778",
                "sha256:40e0d7df05e8efe60397c69b467fc8f87a2affeb4d562fe92b72ff8937a2b511",
                "sha256:456cc8334f6d1124e8ff856b42d2cc1c84335375a16448189999496549f7182b",
                "sha256:506b210cc6e66a0d1c2bb765d055f4f6bc2745070fb1129203b67e85bbfa5c18",
                "sha256:53273c5487d1c19c3bc03b9eb82adaf8456f243b97ed79d09dded747abaf1235",
                "sha256:577ed20ec9a18d6bdedb4616f5e9e957b4c08563a9f985563a31fd5b10564d2a",
                "sha256:6803299cbf4665eca14428d9e886de62e24f4223ac31ab9c5d6d5339a39782c7",
                "sha256:68fa30cec89b6139dc559ed6ef226c53fd80396da1919a1b5ef672c911aaa767",
                "sha256:6c094e4bfecd2fa7f9adffd03d8abceed7157c928c2976899de282f3600f0a3d",
                "sha256:778d398c4866d8e36ee3bf833779c940b5f57192fa0a549b3ad67bc4c822771b",
                "sha256:7a350ca685d9f594123f652ba796ee37219bf72c8e0fc4b471473d87121d6d34",
                "sha256:87900c67c0f1728e6db17c6809ec05c025c6624dcf96a8020326ea15378fe8e7",
                "sha256:8a77906dc2ef9b67407cec0bdbf08e3971141e535db888974a915be5e1e3efc6",
                "sha256:8e70ae6475cfd0fad3816dcbf6cac536dc6f100f7474be58d59fa306e6e768a4",
                "sha256:abf67e05a1b7f86583f6ebd01f69b693b9c535276f4e943292e444855870a1b8",
                "sha256:b04fc29bcef04d4e2d626af28d9d892be6aba94856cb46ed52bcb219ceac8943",
                "sha256:b19a761b948e939a9e20173aaae76070025f0024fc8f7ba08bef22a5c8573afc",
                "sha256:b2e9810e09c3a47b73ce9cab5a72243a1258f61e7900969097a817232246ce1c",
                "sha256:b71f3a7ca935fc759f2aed7cec06cfe10bc3100fadb5dbd9c435b04e557971e1",
                "sha256:b8a4fb2a0c5afbe9604f8a91d7d0f27b1832c3e0b5e365f95a13015822b4cd65",
                "sha256:bb1c613908f11bac270bc7494d68b1ef6e7c224b7a4204d5dacf3522a41e2bc3",
                "sha256:d24e5bb8028541ce25e59390122f5e48c8506b7e35587e5135efcb6471b4ac6c",
                "sha256:d70a32ee1f8b55eed3fd4e892f0286df8cccc7e0475c11d33b5d0a148f5c7599",
                "sha256:e293b16cf303fe82995e41700d172a58a15efc5331125d08246b520843ef21ee",
                "sha256:e2f28a07b4f82abb40267864ad7b3a4ed76f1b1663e81c7efc84a9b9248f672f",
                "sha256:e3520a274a0e054e919f5b3279ee5dbccf5311833819ccf3399dab7c83e90a25",
                "sha256:e3b6f3fd0d8ca37861c31e9a7cab71a0ef14c639b4c95654ea1dd153158bf0df",
                "sha256:e486f60db0cd1c8d68464d9484fd2a94011c1ac8593d765d0211f9daba2bd535",
                "sha256:e8c87cdaf06fd7b2477f68909838ff4176f105064a72ca9d24d3f2a29f73d393",
                "sha256:edf5e4e1d5fb22c18820e8586fb867455de3b109c309cb4fce3aaed85d9468d1",
                "sha256:fe8d40c434a8e2c68d64c6d6a04e77f21791a93ff6afe0dce169597c110d3079"
            ],
            "markers": "python_version >= '3.7'",
            "version": "==3.5.1"
        },
        "networkx": {
            "hashes": [
                "sha256:80b6b89c77d1dfb64a4c7854981b60aeea6360ac02c6d4e4913319e0a313abef",
                "sha256:c0946ed31d71f1b732b5aaa6da5a0388a345019af232ce2f49c766e2d6795c51"
            ],
            "markers": "python_version >= '3.7'",
            "version": "==2.6.3"
        },
        "numpy": {
            "hashes": [
                "sha256:1a784e8ff7ea2a32e393cc53eb0003eca1597c7ca628227e34ce34eb11645a0e",
                "sha256:2ba579dde0563f47021dcd652253103d6fd66165b18011dce1a0609215b2791e",
                "sha256:3537b967b350ad17633b35c2f4b1a1bbd258c018910b518c30b48c8e41272717",
                "sha256:3c40e6b860220ed862e8097b8f81c9af6d7405b723f4a7af24a267b46f90e461",
                "sha256:598fe100b2948465cf3ed64b1a326424b5e4be2670552066e17dfaa67246011d",
                "sha256:620732f42259eb2c4642761bd324462a01cdd13dd111740ce3d344992dd8492f",
                "sha256:709884863def34d72b183d074d8ba5cfe042bc3ff8898f1ffad0209161caaa99",
                "sha256:75579acbadbf74e3afd1153da6177f846212ea2a0cc77de53523ae02c9256513",
                "sha256:7c55407f739f0bfcec67d0df49103f9333edc870061358ac8a8c9e37ea02fcd2",
                "sha256:a1f2fb2da242568af0271455b89aee0f71e4e032086ee2b4c5098945d0e11cf6",
                "sha256:a290989cd671cd0605e9c91a70e6df660f73ae87484218e8285c6522d29f6e38",
                "sha256:ac4fd578322842dbda8d968e3962e9f22e862b6ec6e3378e7415625915e2da4d",
                "sha256:ad09f55cc95ed8d80d8ab2052f78cc21cb231764de73e229140d81ff49d8145e",
                "sha256:b9205711e5440954f861ceeea8f1b415d7dd15214add2e878b4d1cf2bcb1a914",
                "sha256:bba474a87496d96e61461f7306fba2ebba127bed7836212c360f144d1e72ac54",
                "sha256:bebab3eaf0641bba26039fb0b2c5bf9b99407924b53b1ea86e03c32c64ef5aef",
                "sha256:cc367c86eb87e5b7c9592935620f22d13b090c609f1b27e49600cd033b529f54",
                "sha256:ccc6c650f8700ce1e3a77668bb7c43e45c20ac06ae00d22bdf6760b38958c883",
                "sha256:cf680682ad0a3bef56dae200dbcbac2d57294a73e5b0f9864955e7dd7c2c2491",
                "sha256:d2910d0a075caed95de1a605df00ee03b599de5419d0b95d55342e9a33ad1fb3",
                "sha256:d5caa946a9f55511e76446e170bdad1d12d6b54e17a2afe7b189112ed4412bb8",
                "sha256:d89b0dc7f005090e32bb4f9bf796e1dcca6b52243caf1803fdd2b748d8561f63",
                "sha256:d95d16204cd51ff1a1c8d5f9958ce90ae190be81d348b514f9be39f878b8044a",
                "sha256:e4d5a86a5257843a18fb1220c5f1c199532bc5d24e849ed4b0289fb59fbd4d8f",
                "sha256:e58ddb53a7b4959932f5582ac455ff90dcb05fac3f8dcc8079498d43afbbde6c",
                "sha256:e80fe25cba41c124d04c662f33f6364909b985f2eb5998aaa5ae4b9587242cce",
                "sha256:eda2829af498946c59d8585a9fd74da3f810866e05f8df03a86f70079c7531dd",
                "sha256:fd0a359c1c17f00cb37de2969984a74320970e0ceef4808c32e00773b06649d9"
            ],
            "index": "pypi",
            "version": "==1.21.0"
        },
        "packaging": {
            "hashes": [
                "sha256:dd47c42927d89ab911e606518907cc2d3a1f38bbd026385970643f9c5b8ecfeb",
                "sha256:ef103e05f519cdc783ae24ea4e2e0f508a9c99b2d4969652eed6a2e1ea5bd522"
            ],
            "markers": "python_version >= '3.6'",
            "version": "==21.3"
        },
        "pillow": {
            "hashes": [
                "sha256:03b27b197deb4ee400ed57d8d4e572d2d8d80f825b6634daf6e2c18c3c6ccfa6",
                "sha256:0b281fcadbb688607ea6ece7649c5d59d4bbd574e90db6cd030e9e85bde9fecc",
                "sha256:0ebd8b9137630a7bbbff8c4b31e774ff05bbb90f7911d93ea2c9371e41039b52",
                "sha256:113723312215b25c22df1fdf0e2da7a3b9c357a7d24a93ebbe80bfda4f37a8d4",
                "sha256:2d16b6196fb7a54aff6b5e3ecd00f7c0bab1b56eee39214b2b223a9d938c50af",
                "sha256:2fd8053e1f8ff1844419842fd474fc359676b2e2a2b66b11cc59f4fa0a301315",
                "sha256:31b265496e603985fad54d52d11970383e317d11e18e856971bdbb86af7242a4",
                "sha256:3586e12d874ce2f1bc875a3ffba98732ebb12e18fb6d97be482bd62b56803281",
                "sha256:47f5cf60bcb9fbc46011f75c9b45a8b5ad077ca352a78185bd3e7f1d294b98bb",
                "sha256:490e52e99224858f154975db61c060686df8a6b3f0212a678e5d2e2ce24675c9",
                "sha256:500d397ddf4bbf2ca42e198399ac13e7841956c72645513e8ddf243b31ad2128",
                "sha256:52abae4c96b5da630a8b4247de5428f593465291e5b239f3f843a911a3cf0105",
                "sha256:6579f9ba84a3d4f1807c4aab4be06f373017fc65fff43498885ac50a9b47a553",
                "sha256:68e06f8b2248f6dc8b899c3e7ecf02c9f413aab622f4d6190df53a78b93d97a5",
                "sha256:6c5439bfb35a89cac50e81c751317faea647b9a3ec11c039900cd6915831064d",
                "sha256:72c3110228944019e5f27232296c5923398496b28be42535e3b2dc7297b6e8b6",
                "sha256:72f649d93d4cc4d8cf79c91ebc25137c358718ad75f99e99e043325ea7d56100",
                "sha256:7aaf07085c756f6cb1c692ee0d5a86c531703b6e8c9cae581b31b562c16b98ce",
                "sha256:80fe92813d208ce8aa7d76da878bdc84b90809f79ccbad2a288e9bcbeac1d9bd",
                "sha256:95545137fc56ce8c10de646074d242001a112a92de169986abd8c88c27566a05",
                "sha256:97b6d21771da41497b81652d44191489296555b761684f82b7b544c49989110f",
                "sha256:98cb63ca63cb61f594511c06218ab4394bf80388b3d66cd61d0b1f63ee0ea69f",
                "sha256:9f3b4522148586d35e78313db4db0df4b759ddd7649ef70002b6c3767d0fdeb7",
                "sha256:a09a9d4ec2b7887f7a088bbaacfd5c07160e746e3d47ec5e8050ae3b2a229e9f",
                "sha256:b5050d681bcf5c9f2570b93bee5d3ec8ae4cf23158812f91ed57f7126df91762",
                "sha256:bb47a548cea95b86494a26c89d153fd31122ed65255db5dcbc421a2d28eb3379",
                "sha256:bc462d24500ba707e9cbdef436c16e5c8cbf29908278af053008d9f689f56dee",
                "sha256:c2067b3bb0781f14059b112c9da5a91c80a600a97915b4f48b37f197895dd925",
                "sha256:d154ed971a4cc04b93a6d5b47f37948d1f621f25de3e8fa0c26b2d44f24e3e8f",
                "sha256:d5dcea1387331c905405b09cdbfb34611050cc52c865d71f2362f354faee1e9f",
                "sha256:ee6e2963e92762923956fe5d3479b1fdc3b76c83f290aad131a2f98c3df0593e",
                "sha256:fd0e5062f11cb3e730450a7d9f323f4051b532781026395c4323b8ad055523c4"
            ],
            "index": "pypi",
            "version": "==9.0.0"
        },
        "pipenv-shebang": {
            "hashes": [
                "sha256:9d38f02ea294eb4ad9ddb13efb18f4cc5264ca9a87f2c86ecf65358728f7bb7a"
            ],
            "index": "pypi",
            "version": "==0.0.4"
        },
        "pyparsing": {
            "hashes": [
                "sha256:04ff808a5b90911829c55c4e26f75fa5ca8a2f5f36aa3a51f68e27033341d3e4",
                "sha256:d9bdec0013ef1eb5a84ab39a3b3868911598afa494f5faa038647101504e2b81"
            ],
            "markers": "python_version >= '3.6'",
            "version": "==3.0.6"
        },
        "python-dateutil": {
            "hashes": [
                "sha256:0123cacc1627ae19ddf3c27a5de5bd67ee4586fbdd6440d9748f8abb483d3e86",
                "sha256:961d03dc3453ebbc59dbdea9e4e11c5651520a876d0f4db161e8674aae935da9"
            ],
            "markers": "python_version >= '2.7' and python_version not in '3.0, 3.1, 3.2, 3.3'",
            "version": "==2.8.2"
        },
        "pywavelets": {
            "hashes": [
                "sha256:151a7f3d3db36baffe640d691403b7cd3938a1886c8a387b719e7e8b580dd4b1",
                "sha256:16c30e98f52e1a5d0a06b4b8f294114aaa94a0e95445b4056b6ca0a7a5535a42",
                "sha256:18d84982417790a645f74cb0f968e89fb8af575dbf17a52c64af5075aa5528b8",
                "sha256:28bb3d7d411ffbcfaa5a81a5a32044805893752c1641b39f6544b7e0a24661c3",
                "sha256:2ec1fc92573f56c1b129006d109e7518a098f3c8c6a2183b495619faca931461",
                "sha256:3089aa6b4962e1f5dbd0434a10f174f7a50f80bf64cb7d33cc725af07bd30ecc",
                "sha256:333684cc0d0e89cf6cb3a8b3ea68528790e1a3edc565a100cda47e29860f892d",
                "sha256:33375e3e6e361659f2519d412de2b50e2527a97c3946ffd66ca20a8ea1346fea",
                "sha256:333e1370167b0a2b963df82e42968000734bfa23b2ce88191e8ce9d24fc4cc57",
                "sha256:351937e4fc6f3df3555cd2813e73bfc344885c5d994fd621d13dd004d05a4cb7",
                "sha256:44315d197bad9564210ef42f2d5a01c07ee6fd456c679d4a6d0f4e23ec9930cf",
                "sha256:449d2d5f9c1f28a1bce01f714f9f742d9fdbce90f66de0a92cad39d98d24477b",
                "sha256:4c29efb581245e4ba3e76b23b1bf254a7c79821d7e63f432e68044cf2d233e9e",
                "sha256:537b5a8a8a3e9e5b931d34b517aa2312a3d8385937f98c4f8ffa668483329cfb",
                "sha256:616fd2967dd153c3f539b1e0979168969f3702125caae4caa769efc5621cc2b7",
                "sha256:663d265cb433653ef6335973edd13c66cd86c85fbe9c09e4bd138119bac15974",
                "sha256:69cfc7f2ceb0a1097e7e8d1a026cbb2ff1afecc2d79820856f1abccb6cb59cc4",
                "sha256:6cbd69b047bb4e00873097472133425f5f08a4e6bc8b3f0ae709274d4d5e9a8d",
                "sha256:71415f2c376ae3e1331249043dddb63370c92fed162ebcb108fd87e12a956d89",
                "sha256:73805016353a47c5b5f9cea547ea6ae07cd3520abfd7888916ff56b01e71307a",
                "sha256:79386f4d8518e344487acf22b1c130e5907b3c45852aa50c18df5e19895aa92e",
                "sha256:7a725030682bf891ced9819b4b21d6ef356fa11b70399d2d3adb319aead1efb0",
                "sha256:7e4749ff324e8e01a2fdc859ac9714c4be1cbc6e8a34d5ddedb28fc9513b31a1",
                "sha256:8a72f11c4d23f8ed8544def0003f500e98598e7a1efce892e6f964c430469c05",
                "sha256:90d53119f4b518236ad9a8a6be96d86efb1b4eeb73c28e3ed33824ae601ce7b1",
                "sha256:9b05d2f21da666f918692f0313484002307794b5380f7291a395b9271abdda5c",
                "sha256:a1131c27b9f79ca56dd6347d5585a609f51ed3cad0cfb6c17419b1733d3b6acd",
                "sha256:a82e8c307b98d65737b286e0b458343ecee8505dfb519cd314a5f211f4fb92b9",
                "sha256:abedc0b49273a734d4592e325a5fb32f0741e115d6722e0c59964ecf21344640",
                "sha256:b3d9dab8223d0ce30e7480751f526ce1e97a1dcf5242875f8206e4449953116c",
                "sha256:b9bf543d552d20cf6ddfd690c5c18afacc8440cfb09b7515b2242bb9abfcc5eb",
                "sha256:be231e4bc569f2b1177711390d406d08ce388c1e01ab864f89be8928db234856",
                "sha256:c8b388652b6afb4bf7be313be057240386de93817c6744c2aaf43a22890733c8",
                "sha256:d30c09fa805533bf7c8a5d06aa8babda5ae6c1541cd652cb2ebe6ab0b9536c0e",
                "sha256:d9831b251f63460302811607f80a20285292ed0a0a046f95b4648edc0ed90f9c",
                "sha256:df4d950be507a68d107c8f618ef7a9e0d9071789cfc1a840f89d0c985448880f",
                "sha256:ec670e78be2c3193e26c4bfa31dff1edd89ee8d7e2f4219782f3ef3f6daf37f0",
                "sha256:fd5ca221ac7bedb2a9aebcf3b05020827564db5a979b25005b3a2c7ba84069a2"
            ],
            "markers": "python_version >= '3.7'",
            "version": "==1.2.0"
        },
        "scikit-image": {
            "hashes": [
                "sha256:278b0034c509d8b31a9b117837b3d45957dd3408e062ad0f2b24edeb1a460e91",
                "sha256:2c7e91fb3df5cc58cb13c39094a32bb2e990ced30b08ee34bf0976ff8a1ba579",
                "sha256:32620792e989beb2c3eb67eae38b59291be412be59ad3485ee0f67cb7b37c16f",
                "sha256:32ff472355fbf8ab40a8e9ed685906c6c51a863f1ea8737882d26be9221631f3",
                "sha256:38efc3fd9023c7849175fc18b2cc96a08629da840b6100ec5038f487fba7d34e",
                "sha256:49a9b48bc428d2d56aaefbc042fd79c67ebc908a1cbf542e9c863c49339ca496",
                "sha256:4f42a36e34a3e659dd5e0fe9c0b07f797f9b66680224a7f2545a564484574d78",
                "sha256:5510b133999a45b2c8ed4c1b659fa0a1cf4ca0db949353d0f54fc6290dac4d5a",
                "sha256:66ea3bc8f53efbaf751fdae472fe1cbc55ad5e4fadbf6d3a0a268dc7e34d83b6",
                "sha256:6d576a8249114e6169ea1c2b05a22168745eedba90b06d5765368dbd59b27c7f",
                "sha256:6f6d0e79a91c62360708111951abb3a774cefac865902ea797c3b72d8ece6382",
                "sha256:74f7c5920c0b893608ef0d159a61a15e87aa9f31d2707d1ed6621a65233646cd",
                "sha256:8e62228a91b770fbe89d310e833f8797f14136b9635bb67d8b780f1b8cf237e6",
                "sha256:a4fdba1bdd883a8028ddff0b8fe8d43c8dd43360bdab6e1f40599fa210613f1d",
                "sha256:b21d65dcee453539fe70b5903edd8429ad9fe46233b049dd622368bad435f39e",
                "sha256:b3aa7230d84b12d8a4a9f0b65ee895603d27fe85366bf2b57929ba1cce2e8987",
                "sha256:f61d65de826abe2f5f6c171c75d2bb93df56aa4a690d1bab5911412f49b9e768",
                "sha256:f80d16ce57e05af8e282620a23e90bb8886e5efa6eedcacb4da1c15293ba5e9a",
                "sha256:f9648093a0865150fc4ac9eaf02256afbf471a43216b0b6ee6585a4d57674563"
            ],
            "index": "pypi",
            "version": "==0.18.2"
        },
        "scipy": {
            "hashes": [
                "sha256:28ae39a37a00f7279c1f200f0bbecd01837d489025951732556b271b38ce84f0",
                "sha256:2e5a776dc7105b53204b3c9b948ee32c0325664279cccf87f7285d3cf6f4c06b",
                "sha256:301ebcd624f6949e46f8f573564168fe59bdd6b56ce81df6a82f6e00db8e1d98",
                "sha256:3b1d2af8a14bc393b6c763802e1e228f0f8918c29e01cef4542a712188303e78",
                "sha256:3bbc009781112537a5e7969abebff60a4cbc641f4394c29cf08047f2826d3e77",
                "sha256:4035b0f70d1bdbfe143005bb1033938529f684c0b93b4a90c2f59bbd88bcd0d3",
                "sha256:55863c865d651aa2e49d72778db976c0d38db7ddf9ec26ee869e56c1a8c799d1",
                "sha256:5b39372472fb79ea4a35684bb2f3a573e6ffe805179a07965a50d2df10e17ce3",
                "sha256:62164c89c57e7bc8ca931e29edf25f534828e2cc4b7eb254f34eaa7c395dae83",
                "sha256:63bea96f299c549febe7039e8c80942217e3e39851fb2258fae430b722610573",
                "sha256:739ee3f6688c96516248f88725bbe1f241f3e0ab708f5eda98e2a9fe5cf38fba",
                "sha256:7ae0f1c0bce0188bcb93666f7ffdc4dfcedd071e60a92fd6107bc6061cab79c6",
                "sha256:83b7a82a56ccaf8b5accd8f4988898412806aecb3f52fc505eeccaee9d8cb889",
                "sha256:874588522c8c97ec285effbd0bcd7c9de03e918674a9decc5779cc85de408e0d",
                "sha256:8db99b6c017ab971b04a0781103a31ce745d4f0ac2b7db999523d4a94549ae15",
                "sha256:9439aa6e8076df746e6d026328ba01a2160e886f185926e8915849f1e124422f",
                "sha256:94a33efa21cffc5c3f8d416c0c1c79914019b9e3a82b5461176e4dc1c42218ea",
                "sha256:aa31ae8d8cf0abba07bc795f75b1aacf46b6136be22eefb4435040386f0f2bec",
                "sha256:bb3931cc7281fc0e5cc94f4cdc316a8628206bac24ed0ccd999be09266bc9970",
                "sha256:d6ccda8592a30120ea4c3ab669a10ab6e0c45284df9066b6583165d5092e75a7",
                "sha256:d73b13eb0452c178f946b4db60b27e400225df02e926609652ed67798054e77d",
                "sha256:da36fd4d686ac936b7cd6b8348dfd4aebfd42650fcf15af62e5d9b582a9e7cb6",
                "sha256:f3b64d3456c4f52e665019e08347c86618b702c190a9130df3c6e0a9f43eca78"
            ],
            "markers": "python_version < '3.11' and python_version >= '3.8'",
            "version": "==1.8.0rc2"
        },
        "six": {
            "hashes": [
                "sha256:1e61c37477a1626458e36f7b1d82aa5c9b094fa4802892072e49de9c60c4c926",
                "sha256:8abb2f1d86890a2dfb989f9a77cfcfd3e47c2a354b01111771326f8aa26e0254"
            ],
            "markers": "python_version >= '2.7' and python_version not in '3.0, 3.1, 3.2, 3.3'",
            "version": "==1.16.0"
        },
        "tifffile": {
            "hashes": [
                "sha256:153e31fa1d892f482fabb2ae9f2561fa429ee42d01a6f67e58cee13637d9285b",
                "sha256:2e0066f90e2dbeb3e6a287cfd78bafbd2f142fabbca4a76a8ff809573baf5ad5"
            ],
            "markers": "python_version >= '3.7'",
            "version": "==2021.11.2"
        }
    },
    "develop": {
        "appdirs": {
            "hashes": [
                "sha256:7d5d0167b2b1ba821647616af46a749d1c653740dd0d2415100fe26e27afdf41",
                "sha256:a841dacd6b99318a741b166adb07e19ee71a274450e68237b4650ca1055ab128"
            ],
            "version": "==1.4.4"
        },
        "black": {
            "hashes": [
                "sha256:dc132348a88d103016726fe360cb9ede02cecf99b76e3660ce6c596be132ce04",
                "sha256:dfb8c5a069012b2ab1e972e7b908f5fb42b6bbabcba0a788b86dc05067c7d9c7"
            ],
            "index": "pypi",
            "version": "==21.6b0"
        },
        "click": {
            "hashes": [
                "sha256:353f466495adaeb40b6b5f592f9f91cb22372351c84caeb068132442a4518ef3",
                "sha256:410e932b050f5eed773c4cda94de75971c89cdb3155a72a0831139a79e5ecb5b"
            ],
            "markers": "python_version >= '3.6'",
            "version": "==8.0.3"
        },
        "flake8": {
            "hashes": [
                "sha256:07528381786f2a6237b061f6e96610a4167b226cb926e2aa2b6b1d78057c576b",
                "sha256:bf8fd333346d844f616e8d47905ef3a3384edae6b4e9beb0c5101e25e3110907"
            ],
            "index": "pypi",
            "version": "==3.9.2"
        },
        "mccabe": {
            "hashes": [
                "sha256:ab8a6258860da4b6677da4bd2fe5dc2c659cff31b3ee4f7f5d64e79735b80d42",
                "sha256:dd8d182285a0fe56bace7f45b5e7d1a6ebcbf524e8f3bd87eb0f125271b8831f"
            ],
            "version": "==0.6.1"
        },
        "mypy": {
            "hashes": [
                "sha256:088cd9c7904b4ad80bec811053272986611b84221835e079be5bcad029e79dd9",
                "sha256:0aadfb2d3935988ec3815952e44058a3100499f5be5b28c34ac9d79f002a4a9a",
                "sha256:119bed3832d961f3a880787bf621634ba042cb8dc850a7429f643508eeac97b9",
                "sha256:1a85e280d4d217150ce8cb1a6dddffd14e753a4e0c3cf90baabb32cefa41b59e",
                "sha256:3c4b8ca36877fc75339253721f69603a9c7fdb5d4d5a95a1a1b899d8b86a4de2",
                "sha256:3e382b29f8e0ccf19a2df2b29a167591245df90c0b5a2542249873b5c1d78212",
                "sha256:42c266ced41b65ed40a282c575705325fa7991af370036d3f134518336636f5b",
                "sha256:53fd2eb27a8ee2892614370896956af2ff61254c275aaee4c230ae771cadd885",
                "sha256:704098302473cb31a218f1775a873b376b30b4c18229421e9e9dc8916fd16150",
                "sha256:7df1ead20c81371ccd6091fa3e2878559b5c4d4caadaf1a484cf88d93ca06703",
                "sha256:866c41f28cee548475f146aa4d39a51cf3b6a84246969f3759cb3e9c742fc072",
                "sha256:a155d80ea6cee511a3694b108c4494a39f42de11ee4e61e72bc424c490e46457",
                "sha256:adaeee09bfde366d2c13fe6093a7df5df83c9a2ba98638c7d76b010694db760e",
                "sha256:b6fb13123aeef4a3abbcfd7e71773ff3ff1526a7d3dc538f3929a49b42be03f0",
                "sha256:b94e4b785e304a04ea0828759172a15add27088520dc7e49ceade7834275bedb",
                "sha256:c0df2d30ed496a08de5daed2a9ea807d07c21ae0ab23acf541ab88c24b26ab97",
                "sha256:c6c2602dffb74867498f86e6129fd52a2770c48b7cd3ece77ada4fa38f94eba8",
                "sha256:ceb6e0a6e27fb364fb3853389607cf7eb3a126ad335790fa1e14ed02fba50811",
                "sha256:d9dd839eb0dc1bbe866a288ba3c1afc33a202015d2ad83b31e875b5905a079b6",
                "sha256:e4dab234478e3bd3ce83bac4193b2ecd9cf94e720ddd95ce69840273bf44f6de",
                "sha256:ec4e0cd079db280b6bdabdc807047ff3e199f334050db5cbb91ba3e959a67504",
                "sha256:ecd2c3fe726758037234c93df7e98deb257fd15c24c9180dacf1ef829da5f921",
                "sha256:ef565033fa5a958e62796867b1df10c40263ea9ded87164d67572834e57a174d"
            ],
            "index": "pypi",
            "version": "==0.910"
        },
        "mypy-extensions": {
            "hashes": [
                "sha256:090fedd75945a69ae91ce1303b5824f428daf5a028d2f6ab8a299250a846f15d",
                "sha256:2d82818f5bb3e369420cb3c4060a7970edba416647068eb4c5343488a6c604a8"
            ],
            "version": "==0.4.3"
        },
        "pathspec": {
            "hashes": [
                "sha256:7d15c4ddb0b5c802d161efc417ec1a2558ea2653c2e8ad9c19098201dc1c993a",
                "sha256:e564499435a2673d586f6b2130bb5b95f04a3ba06f81b8f895b651a3c76aabb1"
            ],
            "version": "==0.9.0"
        },
        "pycodestyle": {
            "hashes": [
                "sha256:514f76d918fcc0b55c6680472f0a37970994e07bbb80725808c17089be302068",
                "sha256:c389c1d06bf7904078ca03399a4816f974a1d590090fecea0c63ec26ebaf1cef"
            ],
            "markers": "python_version >= '2.7' and python_version not in '3.0, 3.1, 3.2, 3.3'",
            "version": "==2.7.0"
        },
        "pyflakes": {
            "hashes": [
                "sha256:7893783d01b8a89811dd72d7dfd4d84ff098e5eed95cfa8905b22bbffe52efc3",
                "sha256:f5bc8ecabc05bb9d291eb5203d6810b49040f6ff446a756326104746cc00c1db"
            ],
            "markers": "python_version >= '2.7' and python_version not in '3.0, 3.1, 3.2, 3.3'",
            "version": "==2.3.1"
        },
        "regex": {
            "hashes": [
                "sha256:0416f7399e918c4b0e074a0f66e5191077ee2ca32a0f99d4c187a62beb47aa05",
                "sha256:05b7d6d7e64efe309972adab77fc2af8907bb93217ec60aa9fe12a0dad35874f",
                "sha256:0617383e2fe465732af4509e61648b77cbe3aee68b6ac8c0b6fe934db90be5cc",
                "sha256:07856afef5ffcc052e7eccf3213317fbb94e4a5cd8177a2caa69c980657b3cb4",
                "sha256:0f594b96fe2e0821d026365f72ac7b4f0b487487fb3d4aaf10dd9d97d88a9737",
                "sha256:139a23d1f5d30db2cc6c7fd9c6d6497872a672db22c4ae1910be22d4f4b2068a",
                "sha256:162abfd74e88001d20cb73ceaffbfe601469923e875caf9118333b1a4aaafdc4",
                "sha256:2207ae4f64ad3af399e2d30dde66f0b36ae5c3129b52885f1bffc2f05ec505c8",
                "sha256:2409b5c9cef7054dde93a9803156b411b677affc84fca69e908b1cb2c540025d",
                "sha256:2fee3ed82a011184807d2127f1733b4f6b2ff6ec7151d83ef3477f3b96a13d03",
                "sha256:30ab804ea73972049b7a2a5c62d97687d69b5a60a67adca07eb73a0ddbc9e29f",
                "sha256:3598893bde43091ee5ca0a6ad20f08a0435e93a69255eeb5f81b85e81e329264",
                "sha256:3b5df18db1fccd66de15aa59c41e4f853b5df7550723d26aa6cb7f40e5d9da5a",
                "sha256:3c5fb32cc6077abad3bbf0323067636d93307c9fa93e072771cf9a64d1c0f3ef",
                "sha256:416c5f1a188c91e3eb41e9c8787288e707f7d2ebe66e0a6563af280d9b68478f",
                "sha256:42b50fa6666b0d50c30a990527127334d6b96dd969011e843e726a64011485da",
                "sha256:432bd15d40ed835a51617521d60d0125867f7b88acf653e4ed994a1f8e4995dc",
                "sha256:473e67837f786404570eae33c3b64a4b9635ae9f00145250851a1292f484c063",
                "sha256:4aaa4e0705ef2b73dd8e36eeb4c868f80f8393f5f4d855e94025ce7ad8525f50",
                "sha256:50a7ddf3d131dc5633dccdb51417e2d1910d25cbcf842115a3a5893509140a3a",
                "sha256:529801a0d58809b60b3531ee804d3e3be4b412c94b5d267daa3de7fadef00f49",
                "sha256:537ca6a3586931b16a85ac38c08cc48f10fc870a5b25e51794c74df843e9966d",
                "sha256:53db2c6be8a2710b359bfd3d3aa17ba38f8aa72a82309a12ae99d3c0c3dcd74d",
                "sha256:5537f71b6d646f7f5f340562ec4c77b6e1c915f8baae822ea0b7e46c1f09b733",
                "sha256:563d5f9354e15e048465061509403f68424fef37d5add3064038c2511c8f5e00",
                "sha256:5d408a642a5484b9b4d11dea15a489ea0928c7e410c7525cd892f4d04f2f617b",
                "sha256:61600a7ca4bcf78a96a68a27c2ae9389763b5b94b63943d5158f2a377e09d29a",
                "sha256:6650f16365f1924d6014d2ea770bde8555b4a39dc9576abb95e3cd1ff0263b36",
                "sha256:666abff54e474d28ff42756d94544cdfd42e2ee97065857413b72e8a2d6a6345",
                "sha256:68a067c11463de2a37157930d8b153005085e42bcb7ad9ca562d77ba7d1404e0",
                "sha256:6e1d2cc79e8dae442b3fa4a26c5794428b98f81389af90623ffcc650ce9f6732",
                "sha256:74cbeac0451f27d4f50e6e8a8f3a52ca074b5e2da9f7b505c4201a57a8ed6286",
                "sha256:780b48456a0f0ba4d390e8b5f7c661fdd218934388cde1a974010a965e200e12",
                "sha256:788aef3549f1924d5c38263104dae7395bf020a42776d5ec5ea2b0d3d85d6646",
                "sha256:7ee1227cf08b6716c85504aebc49ac827eb88fcc6e51564f010f11a406c0a667",
                "sha256:7f301b11b9d214f83ddaf689181051e7f48905568b0c7017c04c06dfd065e244",
                "sha256:83ee89483672b11f8952b158640d0c0ff02dc43d9cb1b70c1564b49abe92ce29",
                "sha256:85bfa6a5413be0ee6c5c4a663668a2cad2cbecdee367630d097d7823041bdeec",
                "sha256:9345b6f7ee578bad8e475129ed40123d265464c4cfead6c261fd60fc9de00bcf",
                "sha256:93a5051fcf5fad72de73b96f07d30bc29665697fb8ecdfbc474f3452c78adcf4",
                "sha256:962b9a917dd7ceacbe5cd424556914cb0d636001e393b43dc886ba31d2a1e449",
                "sha256:96fc32c16ea6d60d3ca7f63397bff5c75c5a562f7db6dec7d412f7c4d2e78ec0",
                "sha256:98ba568e8ae26beb726aeea2273053c717641933836568c2a0278a84987b2a1a",
                "sha256:a3feefd5e95871872673b08636f96b61ebef62971eab044f5124fb4dea39919d",
                "sha256:a955b747d620a50408b7fdf948e04359d6e762ff8a85f5775d907ceced715129",
                "sha256:b43c2b8a330a490daaef5a47ab114935002b13b3f9dc5da56d5322ff218eeadb",
                "sha256:b483c9d00a565633c87abd0aaf27eb5016de23fed952e054ecc19ce32f6a9e7e",
                "sha256:b9ed0b1e5e0759d6b7f8e2f143894b2a7f3edd313f38cf44e1e15d360e11749b",
                "sha256:ba05430e819e58544e840a68b03b28b6d328aff2e41579037e8bab7653b37d83",
                "sha256:ca49e1ab99593438b204e00f3970e7a5f70d045267051dfa6b5f4304fcfa1dbf",
                "sha256:ca5f18a75e1256ce07494e245cdb146f5a9267d3c702ebf9b65c7f8bd843431e",
                "sha256:cd410a1cbb2d297c67d8521759ab2ee3f1d66206d2e4328502a487589a2cb21b",
                "sha256:ce298e3d0c65bd03fa65ffcc6db0e2b578e8f626d468db64fdf8457731052942",
                "sha256:d5ca078bb666c4a9d1287a379fe617a6dccd18c3e8a7e6c7e1eb8974330c626a",
                "sha256:d5fd67df77bab0d3f4ea1d7afca9ef15c2ee35dfb348c7b57ffb9782a6e4db6e",
                "sha256:da1a90c1ddb7531b1d5ff1e171b4ee61f6345119be7351104b67ff413843fe94",
                "sha256:dba70f30fd81f8ce6d32ddeef37d91c8948e5d5a4c63242d16a2b2df8143aafc",
                "sha256:dc07f021ee80510f3cd3af2cad5b6a3b3a10b057521d9e6aaeb621730d320c5a",
                "sha256:dd33eb9bdcfbabab3459c9ee651d94c842bc8a05fabc95edf4ee0c15a072495e",
                "sha256:e0538c43565ee6e703d3a7c3bdfe4037a5209250e8502c98f20fea6f5fdf2965",
                "sha256:e1f54b9b4b6c53369f40028d2dd07a8c374583417ee6ec0ea304e710a20f80a0",
                "sha256:e32d2a2b02ccbef10145df9135751abea1f9f076e67a4e261b05f24b94219e36",
                "sha256:e6096b0688e6e14af6a1b10eaad86b4ff17935c49aa774eac7c95a57a4e8c296",
                "sha256:e71255ba42567d34a13c03968736c5d39bb4a97ce98188fafb27ce981115beec",
                "sha256:ed2e07c6a26ed4bea91b897ee2b0835c21716d9a469a96c3e878dc5f8c55bb23",
                "sha256:eef2afb0fd1747f33f1ee3e209bce1ed582d1896b240ccc5e2697e3275f037c7",
                "sha256:f23222527b307970e383433daec128d769ff778d9b29343fb3496472dc20dabe",
                "sha256:f341ee2df0999bfdf7a95e448075effe0db212a59387de1a70690e4acb03d4c6",
                "sha256:f5be7805e53dafe94d295399cfbe5227f39995a997f4fd8539bf3cbdc8f47ca8",
                "sha256:f7f325be2804246a75a4f45c72d4ce80d2443ab815063cdf70ee8fb2ca59ee1b",
                "sha256:f8af619e3be812a2059b212064ea7a640aff0568d972cd1b9e920837469eb3cb",
                "sha256:fa8c626d6441e2d04b6ee703ef2d1e17608ad44c7cb75258c09dd42bacdfc64b",
                "sha256:fbb9dc00e39f3e6c0ef48edee202f9520dafb233e8b51b06b8428cfcb92abd30",
                "sha256:fff55f3ce50a3ff63ec8e2a8d3dd924f1941b250b0aac3d3d42b687eeff07a8e"
            ],
            "version": "==2021.11.10"
        },
        "toml": {
            "hashes": [
                "sha256:806143ae5bfb6a3c6e736a764057db0e6a0e05e338b5630894a5f779cabb4f9b",
                "sha256:b3bda1d108d5dd99f4a20d24d9c348e91c4db7ab1b749200bded2f839ccbe68f"
            ],
            "markers": "python_version >= '2.6' and python_version not in '3.0, 3.1, 3.2, 3.3'",
            "version": "==0.10.2"
        },
        "typing-extensions": {
            "hashes": [
                "sha256:4ca091dea149f945ec56afb48dae714f21e8692ef22a395223bcd328961b6a0e",
                "sha256:7f001e5ac290a0c0401508864c7ec868be4e701886d5b573a9528ed3973d9d3b"
            ],
            "markers": "python_version >= '3.6'",
            "version": "==4.0.1"
        }
    }
}
